
Microsoft Visual Studio Solution File, Format Version 12.00
# Visual Studio Version 16
VisualStudioVersion = 16.0.29123.88
MinimumVisualStudioVersion = 10.0.40219.1
Project("{FAE04EC0-301F-11D3-BF4B-00C04F79EFBC}") = "QuaverCodeTest", "QuaverCodeTest\QuaverCodeTest.csproj", "{C3212B01-3F78-40A0-8829-0D8344960A05}"
EndProject
Global
	GlobalSection(SolutionConfigurationPlatforms) = preSolution
		Debug|Any CPU = Debug|Any CPU
		Release|Any CPU = Release|Any CPU
	EndGlobalSection
	GlobalSection(ProjectConfigurationPlatforms) = postSolution
		{C3212B01-3F78-40A0-8829-0D8344960A05}.Debug|Any CPU.ActiveCfg = Debug|Any CPU
		{C3212B01-3F78-40A0-8829-0D8344960A05}.Debug|Any CPU.Build.0 = Debug|Any CPU
		{C3212B01-3F78-40A0-8829-0D8344960A05}.Release|Any CPU.ActiveCfg = Release|Any CPU
		{C3212B01-3F78-40A0-8829-0D8344960A05}.Release|Any CPU.Build.0 = Release|Any CPU
	EndGlobalSection
	GlobalSection(SolutionProperties) = preSolution
		HideSolutionNode = FALSE
	EndGlobalSection
	GlobalSection(ExtensibilityGlobals) = postSolution
		SolutionGuid = {08096AEB-2975-4944-BE46-1E438629B89B}
	EndGlobalSection
EndGlobal
